
Microsoft Visual Studio Solution File, Format Version 12.00
# Visual Studio Version 17
VisualStudioVersion = 17.11.35312.102
MinimumVisualStudioVersion = 10.0.40219.1
Project("{9A19103F-16F7-4668-BE54-9A1E7A4F7556}") = "CalculoCDB.Server", "CalculoCDB.Server\CalculoCDB.Server.csproj", "{C262805B-CDA3-43A4-99D1-E30C889DE355}"
EndProject
Project("{54A90642-561A-4BB1-A94E-469ADEE60C69}") = "calculocdb.client", "calculocdb.client\calculocdb.client.esproj", "{23936B50-AD45-4243-885D-B9C94BF052C6}"
EndProject
Project("{FAE04EC0-301F-11D3-BF4B-00C04F79EFBC}") = "CalculoCDB.Test", "CalculoCDB.Test\CalculoCDB.Test.csproj", "{99CE1213-EF51-474E-B2EE-38D5F121D5B4}"
EndProject
Global
	GlobalSection(SolutionConfigurationPlatforms) = preSolution
		Debug|Any CPU = Debug|Any CPU
		Release|Any CPU = Release|Any CPU
	EndGlobalSection
	GlobalSection(ProjectConfigurationPlatforms) = postSolution
		{C262805B-CDA3-43A4-99D1-E30C889DE355}.Debug|Any CPU.ActiveCfg = Debug|Any CPU
		{C262805B-CDA3-43A4-99D1-E30C889DE355}.Debug|Any CPU.Build.0 = Debug|Any CPU
		{C262805B-CDA3-43A4-99D1-E30C889DE355}.Release|Any CPU.ActiveCfg = Release|Any CPU
		{C262805B-CDA3-43A4-99D1-E30C889DE355}.Release|Any CPU.Build.0 = Release|Any CPU
		{23936B50-AD45-4243-885D-B9C94BF052C6}.Debug|Any CPU.ActiveCfg = Debug|Any CPU
		{23936B50-AD45-4243-885D-B9C94BF052C6}.Debug|Any CPU.Build.0 = Debug|Any CPU
		{23936B50-AD45-4243-885D-B9C94BF052C6}.Debug|Any CPU.Deploy.0 = Debug|Any CPU
		{23936B50-AD45-4243-885D-B9C94BF052C6}.Release|Any CPU.ActiveCfg = Release|Any CPU
		{23936B50-AD45-4243-885D-B9C94BF052C6}.Release|Any CPU.Build.0 = Release|Any CPU
		{23936B50-AD45-4243-885D-B9C94BF052C6}.Release|Any CPU.Deploy.0 = Release|Any CPU
		{99CE1213-EF51-474E-B2EE-38D5F121D5B4}.Debug|Any CPU.ActiveCfg = Debug|Any CPU
		{99CE1213-EF51-474E-B2EE-38D5F121D5B4}.Debug|Any CPU.Build.0 = Debug|Any CPU
		{99CE1213-EF51-474E-B2EE-38D5F121D5B4}.Release|Any CPU.ActiveCfg = Release|Any CPU
		{99CE1213-EF51-474E-B2EE-38D5F121D5B4}.Release|Any CPU.Build.0 = Release|Any CPU
	EndGlobalSection
	GlobalSection(SolutionProperties) = preSolution
		HideSolutionNode = FALSE
	EndGlobalSection
	GlobalSection(ExtensibilityGlobals) = postSolution
		SolutionGuid = {5E245D14-AE57-4096-845E-9098509F4BFA}
	EndGlobalSection
EndGlobal
